
Microsoft Visual Studio Solution File, Format Version 12.00
# Visual Studio Version 17
VisualStudioVersion = 17.5.002.0
MinimumVisualStudioVersion = 10.0.40219.1
Project("{2150E333-8FDC-42A3-9474-1A3956D46DE8}") = "sandbox", "sandbox", "{7275EAEB-F4E0-4459-BFDB-701A68FAF056}"
EndProject
Project("{9A19103F-16F7-4668-BE54-9A1E7A4F7556}") = "sandbox_project", "sandbox\sandbox_project\sandbox_project.csproj", "{3B7D9ABE-AD9B-421A-B01C-8047173002EB}"
EndProject
Project("{2150E333-8FDC-42A3-9474-1A3956D46DE8}") = "week01", "week01", "{3EA49D0B-3F8E-4321-B49F-289B18AD0539}"
EndProject
Project("{9A19103F-16F7-4668-BE54-9A1E7A4F7556}") = "analyze", "week01\analyze\analyze.csproj", "{C44019C2-82E4-46ED-A0E6-955D06AF2563}"
EndProject
Project("{9A19103F-16F7-4668-BE54-9A1E7A4F7556}") = "code", "week01\code\code.csproj", "{704759F3-1BF0-40A8-94AB-BF7A428BC614}"
EndProject
Project("{9A19103F-16F7-4668-BE54-9A1E7A4F7556}") = "teach", "week01\teach\teach.csproj", "{0DE6894D-DAC2-44EA-A038-B9318670A893}"
EndProject
Project("{2150E333-8FDC-42A3-9474-1A3956D46DE8}") = "week02", "week02", "{45A23C8D-4780-4D0B-A2D5-4763E7C63839}"
EndProject
Project("{9A19103F-16F7-4668-BE54-9A1E7A4F7556}") = "analyze", "week02\analyze\analyze.csproj", "{E9E006B4-6327-4D1B-9A35-EEA8D8A798F5}"
EndProject
Project("{9A19103F-16F7-4668-BE54-9A1E7A4F7556}") = "code", "week02\code\code.csproj", "{11673A89-DE0F-4CF3-97B8-0070A7E66D84}"
EndProject
Project("{9A19103F-16F7-4668-BE54-9A1E7A4F7556}") = "learn", "week02\learn\learn.csproj", "{B32F3112-F78B-4ECB-9117-FF85EE8E315D}"
EndProject
Project("{9A19103F-16F7-4668-BE54-9A1E7A4F7556}") = "teach", "week02\teach\teach.csproj", "{B0A96E62-76E5-42A6-BE3E-91D5BE64EDB3}"
EndProject
Project("{2150E333-8FDC-42A3-9474-1A3956D46DE8}") = "week03", "week03", "{A9DD3D32-1C85-4109-8A07-5F1FFD5BF3C4}"
EndProject
Project("{9A19103F-16F7-4668-BE54-9A1E7A4F7556}") = "code", "week03\code\code.csproj", "{1E0CCE36-BD24-466A-98E7-4097770C9D4B}"
EndProject
Project("{9A19103F-16F7-4668-BE54-9A1E7A4F7556}") = "learn", "week03\learn\learn.csproj", "{0D10A0AF-E479-498F-8424-55160CB8D83E}"
EndProject
Project("{9A19103F-16F7-4668-BE54-9A1E7A4F7556}") = "teach", "week03\teach\teach.csproj", "{AA0B7D52-EA34-4845-B621-50CC6A69F2E5}"
EndProject
Project("{2150E333-8FDC-42A3-9474-1A3956D46DE8}") = "week04", "week04", "{A4B5DDDF-5F82-4397-8F12-D4D021A11D3B}"
EndProject
Project("{9A19103F-16F7-4668-BE54-9A1E7A4F7556}") = "code", "week04\code\code.csproj", "{275951CE-3997-400F-BD9C-9F61D1DDFAA9}"
EndProject
Project("{2150E333-8FDC-42A3-9474-1A3956D46DE8}") = "week05", "week05", "{24584CD7-4D5D-4892-9CF2-9E3CDB10B20B}"
EndProject
Project("{9A19103F-16F7-4668-BE54-9A1E7A4F7556}") = "code", "week05\code\code.csproj", "{CDF4ACA4-BF2F-4EE9-BCBC-4A6832FE2C4F}"
EndProject
Project("{2150E333-8FDC-42A3-9474-1A3956D46DE8}") = "week06", "week06", "{8B86218D-138B-41A4-AFD2-533AF7450548}"
EndProject
Project("{9A19103F-16F7-4668-BE54-9A1E7A4F7556}") = "code", "week06\code\code.csproj", "{15F270B2-850C-414B-A7FD-743E3B0CEB18}"
EndProject
Global
	GlobalSection(SolutionConfigurationPlatforms) = preSolution
		Debug|Any CPU = Debug|Any CPU
		Release|Any CPU = Release|Any CPU
	EndGlobalSection
	GlobalSection(ProjectConfigurationPlatforms) = postSolution
		{3B7D9ABE-AD9B-421A-B01C-8047173002EB}.Debug|Any CPU.ActiveCfg = Debug|Any CPU
		{3B7D9ABE-AD9B-421A-B01C-8047173002EB}.Debug|Any CPU.Build.0 = Debug|Any CPU
		{3B7D9ABE-AD9B-421A-B01C-8047173002EB}.Release|Any CPU.ActiveCfg = Release|Any CPU
		{3B7D9ABE-AD9B-421A-B01C-8047173002EB}.Release|Any CPU.Build.0 = Release|Any CPU
		{C44019C2-82E4-46ED-A0E6-955D06AF2563}.Debug|Any CPU.ActiveCfg = Debug|Any CPU
		{C44019C2-82E4-46ED-A0E6-955D06AF2563}.Debug|Any CPU.Build.0 = Debug|Any CPU
		{C44019C2-82E4-46ED-A0E6-955D06AF2563}.Release|Any CPU.ActiveCfg = Release|Any CPU
		{C44019C2-82E4-46ED-A0E6-955D06AF2563}.Release|Any CPU.Build.0 = Release|Any CPU
		{704759F3-1BF0-40A8-94AB-BF7A428BC614}.Debug|Any CPU.ActiveCfg = Debug|Any CPU
		{704759F3-1BF0-40A8-94AB-BF7A428BC614}.Debug|Any CPU.Build.0 = Debug|Any CPU
		{704759F3-1BF0-40A8-94AB-BF7A428BC614}.Release|Any CPU.ActiveCfg = Release|Any CPU
		{704759F3-1BF0-40A8-94AB-BF7A428BC614}.Release|Any CPU.Build.0 = Release|Any CPU
		{0DE6894D-DAC2-44EA-A038-B9318670A893}.Debug|Any CPU.ActiveCfg = Debug|Any CPU
		{0DE6894D-DAC2-44EA-A038-B9318670A893}.Debug|Any CPU.Build.0 = Debug|Any CPU
		{0DE6894D-DAC2-44EA-A038-B9318670A893}.Release|Any CPU.ActiveCfg = Release|Any CPU
		{0DE6894D-DAC2-44EA-A038-B9318670A893}.Release|Any CPU.Build.0 = Release|Any CPU
		{E9E006B4-6327-4D1B-9A35-EEA8D8A798F5}.Debug|Any CPU.ActiveCfg = Debug|Any CPU
		{E9E006B4-6327-4D1B-9A35-EEA8D8A798F5}.Debug|Any CPU.Build.0 = Debug|Any CPU
		{E9E006B4-6327-4D1B-9A35-EEA8D8A798F5}.Release|Any CPU.ActiveCfg = Release|Any CPU
		{E9E006B4-6327-4D1B-9A35-EEA8D8A798F5}.Release|Any CPU.Build.0 = Release|Any CPU
		{11673A89-DE0F-4CF3-97B8-0070A7E66D84}.Debug|Any CPU.ActiveCfg = Debug|Any CPU
		{11673A89-DE0F-4CF3-97B8-0070A7E66D84}.Debug|Any CPU.Build.0 = Debug|Any CPU
		{11673A89-DE0F-4CF3-97B8-0070A7E66D84}.Release|Any CPU.ActiveCfg = Release|Any CPU
		{11673A89-DE0F-4CF3-97B8-0070A7E66D84}.Release|Any CPU.Build.0 = Release|Any CPU
		{B32F3112-F78B-4ECB-9117-FF85EE8E315D}.Debug|Any CPU.ActiveCfg = Debug|Any CPU
		{B32F3112-F78B-4ECB-9117-FF85EE8E315D}.Debug|Any CPU.Build.0 = Debug|Any CPU
		{B32F3112-F78B-4ECB-9117-FF85EE8E315D}.Release|Any CPU.ActiveCfg = Release|Any CPU
		{B32F3112-F78B-4ECB-9117-FF85EE8E315D}.Release|Any CPU.Build.0 = Release|Any CPU
		{B0A96E62-76E5-42A6-BE3E-91D5BE64EDB3}.Debug|Any CPU.ActiveCfg = Debug|Any CPU
		{B0A96E62-76E5-42A6-BE3E-91D5BE64EDB3}.Debug|Any CPU.Build.0 = Debug|Any CPU
		{B0A96E62-76E5-42A6-BE3E-91D5BE64EDB3}.Release|Any CPU.ActiveCfg = Release|Any CPU
		{B0A96E62-76E5-42A6-BE3E-91D5BE64EDB3}.Release|Any CPU.Build.0 = Release|Any CPU
		{1E0CCE36-BD24-466A-98E7-4097770C9D4B}.Debug|Any CPU.ActiveCfg = Debug|Any CPU
		{1E0CCE36-BD24-466A-98E7-4097770C9D4B}.Debug|Any CPU.Build.0 = Debug|Any CPU
		{1E0CCE36-BD24-466A-98E7-4097770C9D4B}.Release|Any CPU.ActiveCfg = Release|Any CPU
		{1E0CCE36-BD24-466A-98E7-4097770C9D4B}.Release|Any CPU.Build.0 = Release|Any CPU
		{0D10A0AF-E479-498F-8424-55160CB8D83E}.Debug|Any CPU.ActiveCfg = Debug|Any CPU
		{0D10A0AF-E479-498F-8424-55160CB8D83E}.Debug|Any CPU.Build.0 = Debug|Any CPU
		{0D10A0AF-E479-498F-8424-55160CB8D83E}.Release|Any CPU.ActiveCfg = Release|Any CPU
		{0D10A0AF-E479-498F-8424-55160CB8D83E}.Release|Any CPU.Build.0 = Release|Any CPU
		{AA0B7D52-EA34-4845-B621-50CC6A69F2E5}.Debug|Any CPU.ActiveCfg = Debug|Any CPU
		{AA0B7D52-EA34-4845-B621-50CC6A69F2E5}.Debug|Any CPU.Build.0 = Debug|Any CPU
		{AA0B7D52-EA34-4845-B621-50CC6A69F2E5}.Release|Any CPU.ActiveCfg = Release|Any CPU
		{AA0B7D52-EA34-4845-B621-50CC6A69F2E5}.Release|Any CPU.Build.0 = Release|Any CPU
		{275951CE-3997-400F-BD9C-9F61D1DDFAA9}.Debug|Any CPU.ActiveCfg = Debug|Any CPU
		{275951CE-3997-400F-BD9C-9F61D1DDFAA9}.Debug|Any CPU.Build.0 = Debug|Any CPU
		{275951CE-3997-400F-BD9C-9F61D1DDFAA9}.Release|Any CPU.ActiveCfg = Release|Any CPU
		{275951CE-3997-400F-BD9C-9F61D1DDFAA9}.Release|Any CPU.Build.0 = Release|Any CPU
		{CDF4ACA4-BF2F-4EE9-BCBC-4A6832FE2C4F}.Debug|Any CPU.ActiveCfg = Debug|Any CPU
		{CDF4ACA4-BF2F-4EE9-BCBC-4A6832FE2C4F}.Debug|Any CPU.Build.0 = Debug|Any CPU
		{CDF4ACA4-BF2F-4EE9-BCBC-4A6832FE2C4F}.Release|Any CPU.ActiveCfg = Release|Any CPU
		{CDF4ACA4-BF2F-4EE9-BCBC-4A6832FE2C4F}.Release|Any CPU.Build.0 = Release|Any CPU
		{15F270B2-850C-414B-A7FD-743E3B0CEB18}.Debug|Any CPU.ActiveCfg = Debug|Any CPU
		{15F270B2-850C-414B-A7FD-743E3B0CEB18}.Debug|Any CPU.Build.0 = Debug|Any CPU
		{15F270B2-850C-414B-A7FD-743E3B0CEB18}.Release|Any CPU.ActiveCfg = Release|Any CPU
		{15F270B2-850C-414B-A7FD-743E3B0CEB18}.Release|Any CPU.Build.0 = Release|Any CPU
	EndGlobalSection
	GlobalSection(SolutionProperties) = preSolution
		HideSolutionNode = FALSE
	EndGlobalSection
	GlobalSection(NestedProjects) = preSolution
		{3B7D9ABE-AD9B-421A-B01C-8047173002EB} = {7275EAEB-F4E0-4459-BFDB-701A68FAF056}
		{C44019C2-82E4-46ED-A0E6-955D06AF2563} = {3EA49D0B-3F8E-4321-B49F-289B18AD0539}
		{704759F3-1BF0-40A8-94AB-BF7A428BC614} = {3EA49D0B-3F8E-4321-B49F-289B18AD0539}
		{0DE6894D-DAC2-44EA-A038-B9318670A893} = {3EA49D0B-3F8E-4321-B49F-289B18AD0539}
		{E9E006B4-6327-4D1B-9A35-EEA8D8A798F5} = {45A23C8D-4780-4D0B-A2D5-4763E7C63839}
		{11673A89-DE0F-4CF3-97B8-0070A7E66D84} = {45A23C8D-4780-4D0B-A2D5-4763E7C63839}
		{B32F3112-F78B-4ECB-9117-FF85EE8E315D} = {45A23C8D-4780-4D0B-A2D5-4763E7C63839}
		{B0A96E62-76E5-42A6-BE3E-91D5BE64EDB3} = {45A23C8D-4780-4D0B-A2D5-4763E7C63839}
		{1E0CCE36-BD24-466A-98E7-4097770C9D4B} = {A9DD3D32-1C85-4109-8A07-5F1FFD5BF3C4}
		{0D10A0AF-E479-498F-8424-55160CB8D83E} = {A9DD3D32-1C85-4109-8A07-5F1FFD5BF3C4}
		{AA0B7D52-EA34-4845-B621-50CC6A69F2E5} = {A9DD3D32-1C85-4109-8A07-5F1FFD5BF3C4}
		{275951CE-3997-400F-BD9C-9F61D1DDFAA9} = {A4B5DDDF-5F82-4397-8F12-D4D021A11D3B}
		{CDF4ACA4-BF2F-4EE9-BCBC-4A6832FE2C4F} = {24584CD7-4D5D-4892-9CF2-9E3CDB10B20B}
		{15F270B2-850C-414B-A7FD-743E3B0CEB18} = {8B86218D-138B-41A4-AFD2-533AF7450548}
	EndGlobalSection
	GlobalSection(ExtensibilityGlobals) = postSolution
		SolutionGuid = {23F1462D-68DB-4D6B-A3B4-13EF0C10224E}
	EndGlobalSection
EndGlobal
